// !$*UTF8*$!
{
	archiveVersion = 1;
	classes = {
	};
	objectVersion = 46;
	objects = {

/* Begin PBXBuildFile section */
		88484CF21A1821B900DDB473 /* README.md in Sources */ = {isa = PBXBuildFile; fileRef = 88484CF11A1821B900DDB473 /* README.md */; };
		888A0E081A195EE4009E9F10 /* ManagerViewController.swift in Sources */ = {isa = PBXBuildFile; fileRef = 888A0E071A195EE4009E9F10 /* ManagerViewController.swift */; };
		888A0E0A1A195EEE009E9F10 /* StudyViewController.swift in Sources */ = {isa = PBXBuildFile; fileRef = 888A0E091A195EEE009E9F10 /* StudyViewController.swift */; };
		88A6447F1A1533320072BF4A /* ViewChangeSegmentedControl.swift in Sources */ = {isa = PBXBuildFile; fileRef = 88A6447E1A1533320072BF4A /* ViewChangeSegmentedControl.swift */; };
		88A644811A1535690072BF4A /* OpenSans-Semibold.ttf in Resources */ = {isa = PBXBuildFile; fileRef = 88A644801A1535690072BF4A /* OpenSans-Semibold.ttf */; };
		88AE9CC61A1454A800BE8065 /* AppDelegate.swift in Sources */ = {isa = PBXBuildFile; fileRef = 88AE9CC51A1454A800BE8065 /* AppDelegate.swift */; };
		88AE9CC81A1454A800BE8065 /* QuizViewController.swift in Sources */ = {isa = PBXBuildFile; fileRef = 88AE9CC71A1454A800BE8065 /* QuizViewController.swift */; };
		88AE9CCD1A1454A800BE8065 /* Images.xcassets in Resources */ = {isa = PBXBuildFile; fileRef = 88AE9CCC1A1454A800BE8065 /* Images.xcassets */; };
		88AE9CD01A1454A800BE8065 /* LaunchScreen.xib in Resources */ = {isa = PBXBuildFile; fileRef = 88AE9CCE1A1454A800BE8065 /* LaunchScreen.xib */; };
		88AE9CDC1A1454A800BE8065 /* CarbonizerSwiftTests.swift in Sources */ = {isa = PBXBuildFile; fileRef = 88AE9CDB1A1454A800BE8065 /* CarbonizerSwiftTests.swift */; };
		88AE9CE61A14555800BE8065 /* MZ-OpenSans-Regular.otf in Resources */ = {isa = PBXBuildFile; fileRef = 88AE9CE51A14555800BE8065 /* MZ-OpenSans-Regular.otf */; };
		88AE9CE91A14556400BE8065 /* OpenSans-Light.ttf in Resources */ = {isa = PBXBuildFile; fileRef = 88AE9CE71A14556400BE8065 /* OpenSans-Light.ttf */; };
		88AE9CEA1A14556400BE8065 /* OpenSans-Regular.ttf in Resources */ = {isa = PBXBuildFile; fileRef = 88AE9CE81A14556400BE8065 /* OpenSans-Regular.ttf */; };
		88AE9CEF1A145CA400BE8065 /* Main.storyboard in Resources */ = {isa = PBXBuildFile; fileRef = 88AE9CEE1A145CA400BE8065 /* Main.storyboard */; };
		88AE9CF11A14612600BE8065 /* KeyRecognizeButton.swift in Sources */ = {isa = PBXBuildFile; fileRef = 88AE9CF01A14612600BE8065 /* KeyRecognizeButton.swift */; };
/* End PBXBuildFile section */

/* Begin PBXContainerItemProxy section */
		88AE9CD61A1454A800BE8065 /* PBXContainerItemProxy */ = {
			isa = PBXContainerItemProxy;
			containerPortal = 88AE9CB81A1454A800BE8065 /* Project object */;
			proxyType = 1;
			remoteGlobalIDString = 88AE9CBF1A1454A800BE8065;
			remoteInfo = CarbonizerSwift;
		};
/* End PBXContainerItemProxy section */

/* Begin PBXFileReference section */
		88484CF11A1821B900DDB473 /* README.md */ = {isa = PBXFileReference; fileEncoding = 4; lastKnownFileType = net.daringfireball.markdown; path = README.md; sourceTree = "<group>"; };
		888A0E071A195EE4009E9F10 /* ManagerViewController.swift */ = {isa = PBXFileReference; fileEncoding = 4; lastKnownFileType = sourcecode.swift; path = ManagerViewController.swift; sourceTree = "<group>"; };
		888A0E091A195EEE009E9F10 /* StudyViewController.swift */ = {isa = PBXFileReference; fileEncoding = 4; lastKnownFileType = sourcecode.swift; path = StudyViewController.swift; sourceTree = "<group>"; };
		88A6447E1A1533320072BF4A /* ViewChangeSegmentedControl.swift */ = {isa = PBXFileReference; fileEncoding = 4; lastKnownFileType = sourcecode.swift; path = ViewChangeSegmentedControl.swift; sourceTree = "<group>"; };
		88A644801A1535690072BF4A /* OpenSans-Semibold.ttf */ = {isa = PBXFileReference; lastKnownFileType = file; path = "OpenSans-Semibold.ttf"; sourceTree = "<group>"; };
		88AE9CC01A1454A800BE8065 /* CarbonizerSwift.app */ = {isa = PBXFileReference; explicitFileType = wrapper.application; includeInIndex = 0; path = CarbonizerSwift.app; sourceTree = BUILT_PRODUCTS_DIR; };
		88AE9CC41A1454A800BE8065 /* Info.plist */ = {isa = PBXFileReference; lastKnownFileType = text.plist.xml; path = Info.plist; sourceTree = "<group>"; };
		88AE9CC51A1454A800BE8065 /* AppDelegate.swift */ = {isa = PBXFileReference; lastKnownFileType = sourcecode.swift; path = AppDelegate.swift; sourceTree = "<group>"; };
		88AE9CC71A1454A800BE8065 /* QuizViewController.swift */ = {isa = PBXFileReference; lastKnownFileType = sourcecode.swift; path = QuizViewController.swift; sourceTree = "<group>"; };
		88AE9CCC1A1454A800BE8065 /* Images.xcassets */ = {isa = PBXFileReference; lastKnownFileType = folder.assetcatalog; path = Images.xcassets; sourceTree = "<group>"; };
		88AE9CCF1A1454A800BE8065 /* Base */ = {isa = PBXFileReference; lastKnownFileType = file.xib; name = Base; path = Base.lproj/LaunchScreen.xib; sourceTree = "<group>"; };
		88AE9CD51A1454A800BE8065 /* CarbonizerSwiftTests.xctest */ = {isa = PBXFileReference; explicitFileType = wrapper.cfbundle; includeInIndex = 0; path = CarbonizerSwiftTests.xctest; sourceTree = BUILT_PRODUCTS_DIR; };
		88AE9CDA1A1454A800BE8065 /* Info.plist */ = {isa = PBXFileReference; lastKnownFileType = text.plist.xml; path = Info.plist; sourceTree = "<group>"; };
		88AE9CDB1A1454A800BE8065 /* CarbonizerSwiftTests.swift */ = {isa = PBXFileReference; lastKnownFileType = sourcecode.swift; path = CarbonizerSwiftTests.swift; sourceTree = "<group>"; };
		88AE9CE51A14555800BE8065 /* MZ-OpenSans-Regular.otf */ = {isa = PBXFileReference; lastKnownFileType = file; name = "MZ-OpenSans-Regular.otf"; path = "../MZ-OpenSans-Regular.otf"; sourceTree = "<group>"; };
		88AE9CE71A14556400BE8065 /* OpenSans-Light.ttf */ = {isa = PBXFileReference; lastKnownFileType = file; name = "OpenSans-Light.ttf"; path = "../OpenSans-Light.ttf"; sourceTree = "<group>"; };
		88AE9CE81A14556400BE8065 /* OpenSans-Regular.ttf */ = {isa = PBXFileReference; lastKnownFileType = file; name = "OpenSans-Regular.ttf"; path = "../OpenSans-Regular.ttf"; sourceTree = "<group>"; };
		88AE9CEE1A145CA400BE8065 /* Main.storyboard */ = {isa = PBXFileReference; fileEncoding = 4; lastKnownFileType = file.storyboard; name = Main.storyboard; path = ../Main.storyboard; sourceTree = "<group>"; };
		88AE9CF01A14612600BE8065 /* KeyRecognizeButton.swift */ = {isa = PBXFileReference; fileEncoding = 4; lastKnownFileType = sourcecode.swift; path = KeyRecognizeButton.swift; sourceTree = "<group>"; };
/* End PBXFileReference section */

/* Begin PBXFrameworksBuildPhase section */
		88AE9CBD1A1454A800BE8065 /* Frameworks */ = {
			isa = PBXFrameworksBuildPhase;
			buildActionMask = 2147483647;
			files = (
			);
			runOnlyForDeploymentPostprocessing = 0;
		};
		88AE9CD21A1454A800BE8065 /* Frameworks */ = {
			isa = PBXFrameworksBuildPhase;
			buildActionMask = 2147483647;
			files = (
			);
			runOnlyForDeploymentPostprocessing = 0;
		};
/* End PBXFrameworksBuildPhase section */

/* Begin PBXGroup section */
		88484CF31A1821C800DDB473 /* Metadata */ = {
			isa = PBXGroup;
			children = (
				88484CF11A1821B900DDB473 /* README.md */,
			);
			name = Metadata;
			sourceTree = "<group>";
		};
		888A0E0B1A195EFC009E9F10 /* ViewControllers */ = {
			isa = PBXGroup;
			children = (
				888A0E071A195EE4009E9F10 /* ManagerViewController.swift */,
				88AE9CC71A1454A800BE8065 /* QuizViewController.swift */,
				888A0E091A195EEE009E9F10 /* StudyViewController.swift */,
			);
			name = ViewControllers;
			sourceTree = "<group>";
		};
		888A0E0C1A195F11009E9F10 /* CustomSubclasses */ = {
			isa = PBXGroup;
			children = (
				88A6447E1A1533320072BF4A /* ViewChangeSegmentedControl.swift */,
				88AE9CF01A14612600BE8065 /* KeyRecognizeButton.swift */,
			);
			name = CustomSubclasses;
			sourceTree = "<group>";
		};
		88AE9CB71A1454A800BE8065 = {
			isa = PBXGroup;
			children = (
				88484CF31A1821C800DDB473 /* Metadata */,
				88AE9CC21A1454A800BE8065 /* CarbonizerSwift */,
				88AE9CD81A1454A800BE8065 /* CarbonizerSwiftTests */,
				88AE9CC11A1454A800BE8065 /* Products */,
			);
			sourceTree = "<group>";
		};
		88AE9CC11A1454A800BE8065 /* Products */ = {
			isa = PBXGroup;
			children = (
				88AE9CC01A1454A800BE8065 /* CarbonizerSwift.app */,
				88AE9CD51A1454A800BE8065 /* CarbonizerSwiftTests.xctest */,
			);
			name = Products;
			sourceTree = "<group>";
		};
		88AE9CC21A1454A800BE8065 /* CarbonizerSwift */ = {
			isa = PBXGroup;
			children = (
				88AE9CC51A1454A800BE8065 /* AppDelegate.swift */,
				88AE9CEE1A145CA400BE8065 /* Main.storyboard */,
				888A0E0C1A195F11009E9F10 /* CustomSubclasses */,
				888A0E0B1A195EFC009E9F10 /* ViewControllers */,
				88AE9CCC1A1454A800BE8065 /* Images.xcassets */,
				88AE9CCE1A1454A800BE8065 /* LaunchScreen.xib */,
				88AE9CC31A1454A800BE8065 /* Supporting Files */,
			);
			path = CarbonizerSwift;
			sourceTree = "<group>";
		};
		88AE9CC31A1454A800BE8065 /* Supporting Files */ = {
			isa = PBXGroup;
			children = (
				88AE9CEB1A14556F00BE8065 /* Fonts */,
				88AE9CC41A1454A800BE8065 /* Info.plist */,
			);
			name = "Supporting Files";
			sourceTree = "<group>";
		};
		88AE9CD81A1454A800BE8065 /* CarbonizerSwiftTests */ = {
			isa = PBXGroup;
			children = (
				88AE9CDB1A1454A800BE8065 /* CarbonizerSwiftTests.swift */,
				88AE9CD91A1454A800BE8065 /* Supporting Files */,
			);
			path = CarbonizerSwiftTests;
			sourceTree = "<group>";
		};
		88AE9CD91A1454A800BE8065 /* Supporting Files */ = {
			isa = PBXGroup;
			children = (
				88AE9CDA1A1454A800BE8065 /* Info.plist */,
			);
			name = "Supporting Files";
			sourceTree = "<group>";
		};
		88AE9CEB1A14556F00BE8065 /* Fonts */ = {
			isa = PBXGroup;
			children = (
				88A644801A1535690072BF4A /* OpenSans-Semibold.ttf */,
				88AE9CE71A14556400BE8065 /* OpenSans-Light.ttf */,
				88AE9CE81A14556400BE8065 /* OpenSans-Regular.ttf */,
				88AE9CE51A14555800BE8065 /* MZ-OpenSans-Regular.otf */,
			);
			name = Fonts;
			sourceTree = "<group>";
		};
/* End PBXGroup section */

/* Begin PBXNativeTarget section */
		88AE9CBF1A1454A800BE8065 /* CarbonizerSwift */ = {
			isa = PBXNativeTarget;
			buildConfigurationList = 88AE9CDF1A1454A800BE8065 /* Build configuration list for PBXNativeTarget "CarbonizerSwift" */;
			buildPhases = (
				88AE9CBC1A1454A800BE8065 /* Sources */,
				88AE9CBD1A1454A800BE8065 /* Frameworks */,
				88AE9CBE1A1454A800BE8065 /* Resources */,
			);
			buildRules = (
			);
			dependencies = (
			);
			name = CarbonizerSwift;
			productName = CarbonizerSwift;
			productReference = 88AE9CC01A1454A800BE8065 /* CarbonizerSwift.app */;
			productType = "com.apple.product-type.application";
		};
		88AE9CD41A1454A800BE8065 /* CarbonizerSwiftTests */ = {
			isa = PBXNativeTarget;
			buildConfigurationList = 88AE9CE21A1454A800BE8065 /* Build configuration list for PBXNativeTarget "CarbonizerSwiftTests" */;
			buildPhases = (
				88AE9CD11A1454A800BE8065 /* Sources */,
				88AE9CD21A1454A800BE8065 /* Frameworks */,
				88AE9CD31A1454A800BE8065 /* Resources */,
			);
			buildRules = (
			);
			dependencies = (
				88AE9CD71A1454A800BE8065 /* PBXTargetDependency */,
			);
			name = CarbonizerSwiftTests;
			productName = CarbonizerSwiftTests;
			productReference = 88AE9CD51A1454A800BE8065 /* CarbonizerSwiftTests.xctest */;
			productType = "com.apple.product-type.bundle.unit-test";
		};
/* End PBXNativeTarget section */

/* Begin PBXProject section */
		88AE9CB81A1454A800BE8065 /* Project object */ = {
			isa = PBXProject;
			attributes = {
				LastUpgradeCheck = 0600;
				ORGANIZATIONNAME = "Martin Developments";
				TargetAttributes = {
					88AE9CBF1A1454A800BE8065 = {
						CreatedOnToolsVersion = 6.0.1;
						DevelopmentTeam = RFF9P379Y9;
					};
					88AE9CD41A1454A800BE8065 = {
						CreatedOnToolsVersion = 6.0.1;
						TestTargetID = 88AE9CBF1A1454A800BE8065;
					};
				};
			};
			buildConfigurationList = 88AE9CBB1A1454A800BE8065 /* Build configuration list for PBXProject "CarbonizerSwift" */;
			compatibilityVersion = "Xcode 3.2";
			developmentRegion = English;
			hasScannedForEncodings = 0;
			knownRegions = (
				en,
				Base,
			);
			mainGroup = 88AE9CB71A1454A800BE8065;
			productRefGroup = 88AE9CC11A1454A800BE8065 /* Products */;
			projectDirPath = "";
			projectRoot = "";
			targets = (
				88AE9CBF1A1454A800BE8065 /* CarbonizerSwift */,
				88AE9CD41A1454A800BE8065 /* CarbonizerSwiftTests */,
			);
		};
/* End PBXProject section */

/* Begin PBXResourcesBuildPhase section */
		88AE9CBE1A1454A800BE8065 /* Resources */ = {
			isa = PBXResourcesBuildPhase;
			buildActionMask = 2147483647;
			files = (
				88AE9CE61A14555800BE8065 /* MZ-OpenSans-Regular.otf in Resources */,
				88AE9CD01A1454A800BE8065 /* LaunchScreen.xib in Resources */,
				88AE9CE91A14556400BE8065 /* OpenSans-Light.ttf in Resources */,
				88AE9CEF1A145CA400BE8065 /* Main.storyboard in Resources */,
				88AE9CEA1A14556400BE8065 /* OpenSans-Regular.ttf in Resources */,
				88A644811A1535690072BF4A /* OpenSans-Semibold.ttf in Resources */,
				88AE9CCD1A1454A800BE8065 /* Images.xcassets in Resources */,
			);
			runOnlyForDeploymentPostprocessing = 0;
		};
		88AE9CD31A1454A800BE8065 /* Resources */ = {
			isa = PBXResourcesBuildPhase;
			buildActionMask = 2147483647;
			files = (
			);
			runOnlyForDeploymentPostprocessing = 0;
		};
/* End PBXResourcesBuildPhase section */

/* Begin PBXSourcesBuildPhase section */
		88AE9CBC1A1454A800BE8065 /* Sources */ = {
			isa = PBXSourcesBuildPhase;
			buildActionMask = 2147483647;
			files = (
				888A0E081A195EE4009E9F10 /* ManagerViewController.swift in Sources */,
				88AE9CC81A1454A800BE8065 /* QuizViewController.swift in Sources */,
				888A0E0A1A195EEE009E9F10 /* StudyViewController.swift in Sources */,
				88AE9CF11A14612600BE8065 /* KeyRecognizeButton.swift in Sources */,
				88484CF21A1821B900DDB473 /* README.md in Sources */,
				88A6447F1A1533320072BF4A /* ViewChangeSegmentedControl.swift in Sources */,
				88AE9CC61A1454A800BE8065 /* AppDelegate.swift in Sources */,
			);
			runOnlyForDeploymentPostprocessing = 0;
		};
		88AE9CD11A1454A800BE8065 /* Sources */ = {
			isa = PBXSourcesBuildPhase;
			buildActionMask = 2147483647;
			files = (
				88AE9CDC1A1454A800BE8065 /* CarbonizerSwiftTests.swift in Sources */,
			);
			runOnlyForDeploymentPostprocessing = 0;
		};
/* End PBXSourcesBuildPhase section */

/* Begin PBXTargetDependency section */
		88AE9CD71A1454A800BE8065 /* PBXTargetDependency */ = {
			isa = PBXTargetDependency;
			target = 88AE9CBF1A1454A800BE8065 /* CarbonizerSwift */;
			targetProxy = 88AE9CD61A1454A800BE8065 /* PBXContainerItemProxy */;
		};
/* End PBXTargetDependency section */

/* Begin PBXVariantGroup section */
		88AE9CCE1A1454A800BE8065 /* LaunchScreen.xib */ = {
			isa = PBXVariantGroup;
			children = (
				88AE9CCF1A1454A800BE8065 /* Base */,
			);
			name = LaunchScreen.xib;
			sourceTree = "<group>";
		};
/* End PBXVariantGroup section */

/* Begin XCBuildConfiguration section */
		88AE9CDD1A1454A800BE8065 /* Debug */ = {
			isa = XCBuildConfiguration;
			buildSettings = {
				ALWAYS_SEARCH_USER_PATHS = NO;
				CLANG_CXX_LANGUAGE_STANDARD = "gnu++0x";
				CLANG_CXX_LIBRARY = "libc++";
				CLANG_ENABLE_MODULES = YES;
				CLANG_ENABLE_OBJC_ARC = YES;
				CLANG_WARN_BOOL_CONVERSION = YES;
				CLANG_WARN_CONSTANT_CONVERSION = YES;
				CLANG_WARN_DIRECT_OBJC_ISA_USAGE = YES_ERROR;
				CLANG_WARN_EMPTY_BODY = YES;
				CLANG_WARN_ENUM_CONVERSION = YES;
				CLANG_WARN_INT_CONVERSION = YES;
				CLANG_WARN_OBJC_ROOT_CLASS = YES_ERROR;
				CLANG_WARN_UNREACHABLE_CODE = YES;
				CLANG_WARN__DUPLICATE_METHOD_MATCH = YES;
				"CODE_SIGN_IDENTITY[sdk=iphoneos*]" = "iPhone Developer";
				COPY_PHASE_STRIP = NO;
				ENABLE_STRICT_OBJC_MSGSEND = YES;
				GCC_C_LANGUAGE_STANDARD = gnu99;
				GCC_DYNAMIC_NO_PIC = NO;
				GCC_OPTIMIZATION_LEVEL = 0;
				GCC_PREPROCESSOR_DEFINITIONS = (
					"DEBUG=1",
					"$(inherited)",
				);
				GCC_SYMBOLS_PRIVATE_EXTERN = NO;
				GCC_WARN_64_TO_32_BIT_CONVERSION = YES;
				GCC_WARN_ABOUT_RETURN_TYPE = YES_ERROR;
				GCC_WARN_UNDECLARED_SELECTOR = YES;
				GCC_WARN_UNINITIALIZED_AUTOS = YES_AGGRESSIVE;
				GCC_WARN_UNUSED_FUNCTION = YES;
				GCC_WARN_UNUSED_VARIABLE = YES;
				IPHONEOS_DEPLOYMENT_TARGET = 8.0;
				MTL_ENABLE_DEBUG_INFO = YES;
				ONLY_ACTIVE_ARCH = YES;
				SDKROOT = iphoneos;
				SWIFT_OPTIMIZATION_LEVEL = "-Onone";
			};
			name = Debug;
		};
		88AE9CDE1A1454A800BE8065 /* Release */ = {
			isa = XCBuildConfiguration;
			buildSettings = {
				ALWAYS_SEARCH_USER_PATHS = NO;
				CLANG_CXX_LANGUAGE_STANDARD = "gnu++0x";
				CLANG_CXX_LIBRARY = "libc++";
				CLANG_ENABLE_MODULES = YES;
				CLANG_ENABLE_OBJC_ARC = YES;
				CLANG_WARN_BOOL_CONVERSION = YES;
				CLANG_WARN_CONSTANT_CONVERSION = YES;
				CLANG_WARN_DIRECT_OBJC_ISA_USAGE = YES_ERROR;
				CLANG_WARN_EMPTY_BODY = YES;
				CLANG_WARN_ENUM_CONVERSION = YES;
				CLANG_WARN_INT_CONVERSION = YES;
				CLANG_WARN_OBJC_ROOT_CLASS = YES_ERROR;
				CLANG_WARN_UNREACHABLE_CODE = YES;
				CLANG_WARN__DUPLICATE_METHOD_MATCH = YES;
				"CODE_SIGN_IDENTITY[sdk=iphoneos*]" = "iPhone Developer";
				COPY_PHASE_STRIP = YES;
				ENABLE_NS_ASSERTIONS = NO;
				ENABLE_STRICT_OBJC_MSGSEND = YES;
				GCC_C_LANGUAGE_STANDARD = gnu99;
				GCC_WARN_64_TO_32_BIT_CONVERSION = YES;
				GCC_WARN_ABOUT_RETURN_TYPE = YES_ERROR;
				GCC_WARN_UNDECLARED_SELECTOR = YES;
				GCC_WARN_UNINITIALIZED_AUTOS = YES_AGGRESSIVE;
				GCC_WARN_UNUSED_FUNCTION = YES;
				GCC_WARN_UNUSED_VARIABLE = YES;
				IPHONEOS_DEPLOYMENT_TARGET = 8.0;
				MTL_ENABLE_DEBUG_INFO = NO;
				SDKROOT = iphoneos;
				VALIDATE_PRODUCT = YES;
			};
			name = Release;
		};
		88AE9CE01A1454A800BE8065 /* Debug */ = {
			isa = XCBuildConfiguration;
			buildSettings = {
				ASSETCATALOG_COMPILER_APPICON_NAME = AppIcon;
				CODE_SIGN_IDENTITY = "iPhone Developer";
				INFOPLIST_FILE = CarbonizerSwift/Info.plist;
				IPHONEOS_DEPLOYMENT_TARGET = 8.0;
				LD_RUNPATH_SEARCH_PATHS = "$(inherited) @executable_path/Frameworks";
				PRODUCT_NAME = "$(TARGET_NAME)";
			};
			name = Debug;
		};
		88AE9CE11A1454A800BE8065 /* Release */ = {
			isa = XCBuildConfiguration;
			buildSettings = {
				ASSETCATALOG_COMPILER_APPICON_NAME = AppIcon;
				CODE_SIGN_IDENTITY = "iPhone Developer";
				INFOPLIST_FILE = CarbonizerSwift/Info.plist;
				IPHONEOS_DEPLOYMENT_TARGET = 8.0;
				LD_RUNPATH_SEARCH_PATHS = "$(inherited) @executable_path/Frameworks";
				PRODUCT_NAME = "$(TARGET_NAME)";
			};
			name = Release;
		};
		88AE9CE31A1454A800BE8065 /* Debug */ = {
			isa = XCBuildConfiguration;
			buildSettings = {
				BUNDLE_LOADER = "$(TEST_HOST)";
				FRAMEWORK_SEARCH_PATHS = (
					"$(SDKROOT)/Developer/Library/Frameworks",
					"$(inherited)",
				);
				GCC_PREPROCESSOR_DEFINITIONS = (
					"DEBUG=1",
					"$(inherited)",
				);
				INFOPLIST_FILE = CarbonizerSwiftTests/Info.plist;
				LD_RUNPATH_SEARCH_PATHS = "$(inherited) @executable_path/Frameworks @loader_path/Frameworks";
				PRODUCT_NAME = "$(TARGET_NAME)";
				TEST_HOST = "$(BUILT_PRODUCTS_DIR)/CarbonizerSwift.app/CarbonizerSwift";
			};
			name = Debug;
		};
		88AE9CE41A1454A800BE8065 /* Release */ = {
			isa = XCBuildConfiguration;
			buildSettings = {
				BUNDLE_LOADER = "$(TEST_HOST)";
				FRAMEWORK_SEARCH_PATHS = (
					"$(SDKROOT)/Developer/Library/Frameworks",
					"$(inherited)",
				);
				INFOPLIST_FILE = CarbonizerSwiftTests/Info.plist;
				LD_RUNPATH_SEARCH_PATHS = "$(inherited) @executable_path/Frameworks @loader_path/Frameworks";
				PRODUCT_NAME = "$(TARGET_NAME)";
				TEST_HOST = "$(BUILT_PRODUCTS_DIR)/CarbonizerSwift.app/CarbonizerSwift";
			};
			name = Release;
		};
/* End XCBuildConfiguration section */

/* Begin XCConfigurationList section */
		88AE9CBB1A1454A800BE8065 /* Build configuration list for PBXProject "CarbonizerSwift" */ = {
			isa = XCConfigurationList;
			buildConfigurations = (
				88AE9CDD1A1454A800BE8065 /* Debug */,
				88AE9CDE1A1454A800BE8065 /* Release */,
			);
			defaultConfigurationIsVisible = 0;
			defaultConfigurationName = Release;
		};
		88AE9CDF1A1454A800BE8065 /* Build configuration list for PBXNativeTarget "CarbonizerSwift" */ = {
			isa = XCConfigurationList;
			buildConfigurations = (
				88AE9CE01A1454A800BE8065 /* Debug */,
				88AE9CE11A1454A800BE8065 /* Release */,
			);
			defaultConfigurationIsVisible = 0;
			defaultConfigurationName = Release;
		};
		88AE9CE21A1454A800BE8065 /* Build configuration list for PBXNativeTarget "CarbonizerSwiftTests" */ = {
			isa = XCConfigurationList;
			buildConfigurations = (
				88AE9CE31A1454A800BE8065 /* Debug */,
				88AE9CE41A1454A800BE8065 /* Release */,
			);
			defaultConfigurationIsVisible = 0;
			defaultConfigurationName = Release;
		};
/* End XCConfigurationList section */
	};
	rootObject = 88AE9CB81A1454A800BE8065 /* Project object */;
}
